// !$*UTF8*$!
{
	archiveVersion = 1;
	classes = {
	};
	objectVersion = 46;
	objects = {

/* Begin PBXBuildFile section */
		252563761D21DBF7009ECC8D /* AppDelegate.swift in Sources */ = {isa = PBXBuildFile; fileRef = 252563751D21DBF7009ECC8D /* AppDelegate.swift */; };
		252563781D21DBF7009ECC8D /* ViewController.swift in Sources */ = {isa = PBXBuildFile; fileRef = 252563771D21DBF7009ECC8D /* ViewController.swift */; };
		2525637B1D21DBF7009ECC8D /* Main.storyboard in Resources */ = {isa = PBXBuildFile; fileRef = 252563791D21DBF7009ECC8D /* Main.storyboard */; };
		2525637D1D21DBF7009ECC8D /* Assets.xcassets in Resources */ = {isa = PBXBuildFile; fileRef = 2525637C1D21DBF7009ECC8D /* Assets.xcassets */; };
		252563801D21DBF7009ECC8D /* LaunchScreen.storyboard in Resources */ = {isa = PBXBuildFile; fileRef = 2525637E1D21DBF7009ECC8D /* LaunchScreen.storyboard */; };
/* End PBXBuildFile section */

/* Begin PBXFileReference section */
		252563721D21DBF7009ECC8D /* Lecture3B.app */ = {isa = PBXFileReference; explicitFileType = wrapper.application; includeInIndex = 0; path = Lecture3B.app; sourceTree = BUILT_PRODUCTS_DIR; };
		252563751D21DBF7009ECC8D /* AppDelegate.swift */ = {isa = PBXFileReference; lastKnownFileType = sourcecode.swift; path = AppDelegate.swift; sourceTree = "<group>"; };
		252563771D21DBF7009ECC8D /* ViewController.swift */ = {isa = PBXFileReference; lastKnownFileType = sourcecode.swift; path = ViewController.swift; sourceTree = "<group>"; };
		2525637A1D21DBF7009ECC8D /* Base */ = {isa = PBXFileReference; lastKnownFileType = file.storyboard; name = Base; path = Base.lproj/Main.storyboard; sourceTree = "<group>"; };
		2525637C1D21DBF7009ECC8D /* Assets.xcassets */ = {isa = PBXFileReference; lastKnownFileType = folder.assetcatalog; path = Assets.xcassets; sourceTree = "<group>"; };
		2525637F1D21DBF7009ECC8D /* Base */ = {isa = PBXFileReference; lastKnownFileType = file.storyboard; name = Base; path = Base.lproj/LaunchScreen.storyboard; sourceTree = "<group>"; };
		252563811D21DBF7009ECC8D /* Info.plist */ = {isa = PBXFileReference; lastKnownFileType = text.plist.xml; path = Info.plist; sourceTree = "<group>"; };
/* End PBXFileReference section */

/* Begin PBXFrameworksBuildPhase section */
		2525636F1D21DBF7009ECC8D /* Frameworks */ = {
			isa = PBXFrameworksBuildPhase;
			buildActionMask = 2147483647;
			files = (
			);
			runOnlyForDeploymentPostprocessing = 0;
		};
/* End PBXFrameworksBuildPhase section */

/* Begin PBXGroup section */
		252563691D21DBF7009ECC8D = {
			isa = PBXGroup;
			children = (
				252563741D21DBF7009ECC8D /* Lecture3B */,
				252563731D21DBF7009ECC8D /* Products */,
			);
			sourceTree = "<group>";
		};
		252563731D21DBF7009ECC8D /* Products */ = {
			isa = PBXGroup;
			children = (
				252563721D21DBF7009ECC8D /* Lecture3B.app */,
			);
			name = Products;
			sourceTree = "<group>";
		};
		252563741D21DBF7009ECC8D /* Lecture3B */ = {
			isa = PBXGroup;
			children = (
				252563751D21DBF7009ECC8D /* AppDelegate.swift */,
				252563771D21DBF7009ECC8D /* ViewController.swift */,
				252563791D21DBF7009ECC8D /* Main.storyboard */,
				2525637C1D21DBF7009ECC8D /* Assets.xcassets */,
				2525637E1D21DBF7009ECC8D /* LaunchScreen.storyboard */,
				252563811D21DBF7009ECC8D /* Info.plist */,
			);
			path = Lecture3B;
			sourceTree = "<group>";
		};
/* End PBXGroup section */

/* Begin PBXNativeTarget section */
		252563711D21DBF7009ECC8D /* Lecture3B */ = {
			isa = PBXNativeTarget;
			buildConfigurationList = 252563841D21DBF7009ECC8D /* Build configuration list for PBXNativeTarget "Lecture3B" */;
			buildPhases = (
				2525636E1D21DBF7009ECC8D /* Sources */,
				2525636F1D21DBF7009ECC8D /* Frameworks */,
				252563701D21DBF7009ECC8D /* Resources */,
			);
			buildRules = (
			);
			dependencies = (
			);
			name = Lecture3B;
			productName = Lecture3B;
			productReference = 252563721D21DBF7009ECC8D /* Lecture3B.app */;
			productType = "com.apple.product-type.application";
		};
/* End PBXNativeTarget section */

/* Begin PBXProject section */
		2525636A1D21DBF7009ECC8D /* Project object */ = {
			isa = PBXProject;
			attributes = {
				LastSwiftUpdateCheck = 0730;
				LastUpgradeCheck = 0730;
				ORGANIZATIONNAME = "Kobi Greene";
				TargetAttributes = {
					252563711D21DBF7009ECC8D = {
						CreatedOnToolsVersion = 7.3;
					};
				};
			};
			buildConfigurationList = 2525636D1D21DBF7009ECC8D /* Build configuration list for PBXProject "Lecture3B" */;
			compatibilityVersion = "Xcode 3.2";
			developmentRegion = English;
			hasScannedForEncodings = 0;
			knownRegions = (
				en,
				Base,
			);
			mainGroup = 252563691D21DBF7009ECC8D;
			productRefGroup = 252563731D21DBF7009ECC8D /* Products */;
			projectDirPath = "";
			projectRoot = "";
			targets = (
				252563711D21DBF7009ECC8D /* Lecture3B */,
			);
		};
/* End PBXProject section */

/* Begin PBXResourcesBuildPhase section */
		252563701D21DBF7009ECC8D /* Resources */ = {
			isa = PBXResourcesBuildPhase;
			buildActionMask = 2147483647;
			files = (
				252563801D21DBF7009ECC8D /* LaunchScreen.storyboard in Resources */,
				2525637D1D21DBF7009ECC8D /* Assets.xcassets in Resources */,
				2525637B1D21DBF7009ECC8D /* Main.storyboard in Resources */,
			);
			runOnlyForDeploymentPostprocessing = 0;
		};
/* End PBXResourcesBuildPhase section */

/* Begin PBXSourcesBuildPhase section */
		2525636E1D21DBF7009ECC8D /* Sources */ = {
			isa = PBXSourcesBuildPhase;
			buildActionMask = 2147483647;
			files = (
				252563781D21DBF7009ECC8D /* ViewController.swift in Sources */,
				252563761D21DBF7009ECC8D /* AppDelegate.swift in Sources */,
			);
			runOnlyForDeploymentPostprocessing = 0;
		};
/* End PBXSourcesBuildPhase section */

/* Begin PBXVariantGroup section */
		252563791D21DBF7009ECC8D /* Main.storyboard */ = {
			isa = PBXVariantGroup;
			children = (
				2525637A1D21DBF7009ECC8D /* Base */,
			);
			name = Main.storyboard;
			sourceTree = "<group>";
		};
		2525637E1D21DBF7009ECC8D /* LaunchScreen.storyboard */ = {
			isa = PBXVariantGroup;
			children = (
				2525637F1D21DBF7009ECC8D /* Base */,
			);
			name = LaunchScreen.storyboard;
			sourceTree = "<group>";
		};
/* End PBXVariantGroup section */

/* Begin XCBuildConfiguration section */
		252563821D21DBF7009ECC8D /* Debug */ = {
			isa = XCBuildConfiguration;
			buildSettings = {
				ALWAYS_SEARCH_USER_PATHS = NO;
				CLANG_ANALYZER_NONNULL = YES;
				CLANG_CXX_LANGUAGE_STANDARD = "gnu++0x";
				CLANG_CXX_LIBRARY = "libc++";
				CLANG_ENABLE_MODULES = YES;
				CLANG_ENABLE_OBJC_ARC = YES;
				CLANG_WARN_BOOL_CONVERSION = YES;
				CLANG_WARN_CONSTANT_CONVERSION = YES;
				CLANG_WARN_DIRECT_OBJC_ISA_USAGE = YES_ERROR;
				CLANG_WARN_EMPTY_BODY = YES;
				CLANG_WARN_ENUM_CONVERSION = YES;
				CLANG_WARN_INT_CONVERSION = YES;
				CLANG_WARN_OBJC_ROOT_CLASS = YES_ERROR;
				CLANG_WARN_UNREACHABLE_CODE = YES;
				CLANG_WARN__DUPLICATE_METHOD_MATCH = YES;
				"CODE_SIGN_IDENTITY[sdk=iphoneos*]" = "iPhone Developer";
				COPY_PHASE_STRIP = NO;
				DEBUG_INFORMATION_FORMAT = dwarf;
				ENABLE_STRICT_OBJC_MSGSEND = YES;
				ENABLE_TESTABILITY = YES;
				GCC_C_LANGUAGE_STANDARD = gnu99;
				GCC_DYNAMIC_NO_PIC = NO;
				GCC_NO_COMMON_BLOCKS = YES;
				GCC_OPTIMIZATION_LEVEL = 0;
				GCC_PREPROCESSOR_DEFINITIONS = (
					"DEBUG=1",
					"$(inherited)",
				);
				GCC_WARN_64_TO_32_BIT_CONVERSION = YES;
				GCC_WARN_ABOUT_RETURN_TYPE = YES_ERROR;
				GCC_WARN_UNDECLARED_SELECTOR = YES;
				GCC_WARN_UNINITIALIZED_AUTOS = YES_AGGRESSIVE;
				GCC_WARN_UNUSED_FUNCTION = YES;
				GCC_WARN_UNUSED_VARIABLE = YES;
				IPHONEOS_DEPLOYMENT_TARGET = 9.3;
				MTL_ENABLE_DEBUG_INFO = YES;
				ONLY_ACTIVE_ARCH = YES;
				SDKROOT = iphoneos;
				SWIFT_OPTIMIZATION_LEVEL = "-Onone";
				TARGETED_DEVICE_FAMILY = "1,2";
			};
			name = Debug;
		};
		252563831D21DBF7009ECC8D /* Release */ = {
			isa = XCBuildConfiguration;
			buildSettings = {
				ALWAYS_SEARCH_USER_PATHS = NO;
				CLANG_ANALYZER_NONNULL = YES;
				CLANG_CXX_LANGUAGE_STANDARD = "gnu++0x";
				CLANG_CXX_LIBRARY = "libc++";
				CLANG_ENABLE_MODULES = YES;
				CLANG_ENABLE_OBJC_ARC = YES;
				CLANG_WARN_BOOL_CONVERSION = YES;
				CLANG_WARN_CONSTANT_CONVERSION = YES;
				CLANG_WARN_DIRECT_OBJC_ISA_USAGE = YES_ERROR;
				CLANG_WARN_EMPTY_BODY = YES;
				CLANG_WARN_ENUM_CONVERSION = YES;
				CLANG_WARN_INT_CONVERSION = YES;
				CLANG_WARN_OBJC_ROOT_CLASS = YES_ERROR;
				CLANG_WARN_UNREACHABLE_CODE = YES;
				CLANG_WARN__DUPLICATE_METHOD_MATCH = YES;
				"CODE_SIGN_IDENTITY[sdk=iphoneos*]" = "iPhone Developer";
				COPY_PHASE_STRIP = NO;
				DEBUG_INFORMATION_FORMAT = "dwarf-with-dsym";
				ENABLE_NS_ASSERTIONS = NO;
				ENABLE_STRICT_OBJC_MSGSEND = YES;
				GCC_C_LANGUAGE_STANDARD = gnu99;
				GCC_NO_COMMON_BLOCKS = YES;
				GCC_WARN_64_TO_32_BIT_CONVERSION = YES;
				GCC_WARN_ABOUT_RETURN_TYPE = YES_ERROR;
				GCC_WARN_UNDECLARED_SELECTOR = YES;
				GCC_WARN_UNINITIALIZED_AUTOS = YES_AGGRESSIVE;
				GCC_WARN_UNUSED_FUNCTION = YES;
				GCC_WARN_UNUSED_VARIABLE = YES;
				IPHONEOS_DEPLOYMENT_TARGET = 9.3;
				MTL_ENABLE_DEBUG_INFO = NO;
				SDKROOT = iphoneos;
				TARGETED_DEVICE_FAMILY = "1,2";
				VALIDATE_PRODUCT = YES;
			};
			name = Release;
		};
		252563851D21DBF7009ECC8D /* Debug */ = {
			isa = XCBuildConfiguration;
			buildSettings = {
				ASSETCATALOG_COMPILER_APPICON_NAME = AppIcon;
				INFOPLIST_FILE = Lecture3B/Info.plist;
				LD_RUNPATH_SEARCH_PATHS = "$(inherited) @executable_path/Frameworks";
				PRODUCT_BUNDLE_IDENTIFIER = com.Kobi.Lecture3B;
				PRODUCT_NAME = "$(TARGET_NAME)";
			};
			name = Debug;
		};
		252563861D21DBF7009ECC8D /* Release */ = {
			isa = XCBuildConfiguration;
			buildSettings = {
				ASSETCATALOG_COMPILER_APPICON_NAME = AppIcon;
				INFOPLIST_FILE = Lecture3B/Info.plist;
				LD_RUNPATH_SEARCH_PATHS = "$(inherited) @executable_path/Frameworks";
				PRODUCT_BUNDLE_IDENTIFIER = com.Kobi.Lecture3B;
				PRODUCT_NAME = "$(TARGET_NAME)";
			};
			name = Release;
		};
/* End XCBuildConfiguration section */

/* Begin XCConfigurationList section */
		2525636D1D21DBF7009ECC8D /* Build configuration list for PBXProject "Lecture3B" */ = {
			isa = XCConfigurationList;
			buildConfigurations = (
				252563821D21DBF7009ECC8D /* Debug */,
				252563831D21DBF7009ECC8D /* Release */,
			);
			defaultConfigurationIsVisible = 0;
			defaultConfigurationName = Release;
		};
		252563841D21DBF7009ECC8D /* Build configuration list for PBXNativeTarget "Lecture3B" */ = {
			isa = XCConfigurationList;
			buildConfigurations = (
				252563851D21DBF7009ECC8D /* Debug */,
				252563861D21DBF7009ECC8D /* Release */,
			);
			defaultConfigurationIsVisible = 0;
		};
/* End XCConfigurationList section */
	};
	rootObject = 2525636A1D21DBF7009ECC8D /* Project object */;
}
