// !$*UTF8*$!
{
	archiveVersion = 1;
	classes = {
	};
	objectVersion = 46;
	objects = {

/* Begin PBXBuildFile section */
		2519213C1D38050C003ABD1D /* AppDelegate.swift in Sources */ = {isa = PBXBuildFile; fileRef = 2519213B1D38050C003ABD1D /* AppDelegate.swift */; };
		2519213E1D38050C003ABD1D /* ViewController.swift in Sources */ = {isa = PBXBuildFile; fileRef = 2519213D1D38050C003ABD1D /* ViewController.swift */; };
		251921411D38050C003ABD1D /* Main.storyboard in Resources */ = {isa = PBXBuildFile; fileRef = 2519213F1D38050C003ABD1D /* Main.storyboard */; };
		251921431D38050C003ABD1D /* Assets.xcassets in Resources */ = {isa = PBXBuildFile; fileRef = 251921421D38050C003ABD1D /* Assets.xcassets */; };
		251921461D38050C003ABD1D /* LaunchScreen.storyboard in Resources */ = {isa = PBXBuildFile; fileRef = 251921441D38050C003ABD1D /* LaunchScreen.storyboard */; };
/* End PBXBuildFile section */

/* Begin PBXFileReference section */
		251921381D38050C003ABD1D /* Section14.app */ = {isa = PBXFileReference; explicitFileType = wrapper.application; includeInIndex = 0; path = Section14.app; sourceTree = BUILT_PRODUCTS_DIR; };
		2519213B1D38050C003ABD1D /* AppDelegate.swift */ = {isa = PBXFileReference; lastKnownFileType = sourcecode.swift; path = AppDelegate.swift; sourceTree = "<group>"; };
		2519213D1D38050C003ABD1D /* ViewController.swift */ = {isa = PBXFileReference; lastKnownFileType = sourcecode.swift; path = ViewController.swift; sourceTree = "<group>"; };
		251921401D38050C003ABD1D /* Base */ = {isa = PBXFileReference; lastKnownFileType = file.storyboard; name = Base; path = Base.lproj/Main.storyboard; sourceTree = "<group>"; };
		251921421D38050C003ABD1D /* Assets.xcassets */ = {isa = PBXFileReference; lastKnownFileType = folder.assetcatalog; path = Assets.xcassets; sourceTree = "<group>"; };
		251921451D38050C003ABD1D /* Base */ = {isa = PBXFileReference; lastKnownFileType = file.storyboard; name = Base; path = Base.lproj/LaunchScreen.storyboard; sourceTree = "<group>"; };
		251921471D38050C003ABD1D /* Info.plist */ = {isa = PBXFileReference; lastKnownFileType = text.plist.xml; path = Info.plist; sourceTree = "<group>"; };
/* End PBXFileReference section */

/* Begin PBXFrameworksBuildPhase section */
		251921351D38050C003ABD1D /* Frameworks */ = {
			isa = PBXFrameworksBuildPhase;
			buildActionMask = 2147483647;
			files = (
			);
			runOnlyForDeploymentPostprocessing = 0;
		};
/* End PBXFrameworksBuildPhase section */

/* Begin PBXGroup section */
		2519212F1D38050C003ABD1D = {
			isa = PBXGroup;
			children = (
				2519213A1D38050C003ABD1D /* Section14 */,
				251921391D38050C003ABD1D /* Products */,
			);
			sourceTree = "<group>";
		};
		251921391D38050C003ABD1D /* Products */ = {
			isa = PBXGroup;
			children = (
				251921381D38050C003ABD1D /* Section14.app */,
			);
			name = Products;
			sourceTree = "<group>";
		};
		2519213A1D38050C003ABD1D /* Section14 */ = {
			isa = PBXGroup;
			children = (
				2519213B1D38050C003ABD1D /* AppDelegate.swift */,
				2519213D1D38050C003ABD1D /* ViewController.swift */,
				2519213F1D38050C003ABD1D /* Main.storyboard */,
				251921421D38050C003ABD1D /* Assets.xcassets */,
				251921441D38050C003ABD1D /* LaunchScreen.storyboard */,
				251921471D38050C003ABD1D /* Info.plist */,
			);
			path = Section14;
			sourceTree = "<group>";
		};
/* End PBXGroup section */

/* Begin PBXNativeTarget section */
		251921371D38050C003ABD1D /* Section14 */ = {
			isa = PBXNativeTarget;
			buildConfigurationList = 2519214A1D38050C003ABD1D /* Build configuration list for PBXNativeTarget "Section14" */;
			buildPhases = (
				251921341D38050C003ABD1D /* Sources */,
				251921351D38050C003ABD1D /* Frameworks */,
				251921361D38050C003ABD1D /* Resources */,
			);
			buildRules = (
			);
			dependencies = (
			);
			name = Section14;
			productName = Section14;
			productReference = 251921381D38050C003ABD1D /* Section14.app */;
			productType = "com.apple.product-type.application";
		};
/* End PBXNativeTarget section */

/* Begin PBXProject section */
		251921301D38050C003ABD1D /* Project object */ = {
			isa = PBXProject;
			attributes = {
				LastSwiftUpdateCheck = 0730;
				LastUpgradeCheck = 0730;
				ORGANIZATIONNAME = "Kobi Greene";
				TargetAttributes = {
					251921371D38050C003ABD1D = {
						CreatedOnToolsVersion = 7.3;
					};
				};
			};
			buildConfigurationList = 251921331D38050C003ABD1D /* Build configuration list for PBXProject "Section14" */;
			compatibilityVersion = "Xcode 3.2";
			developmentRegion = English;
			hasScannedForEncodings = 0;
			knownRegions = (
				en,
				Base,
			);
			mainGroup = 2519212F1D38050C003ABD1D;
			productRefGroup = 251921391D38050C003ABD1D /* Products */;
			projectDirPath = "";
			projectRoot = "";
			targets = (
				251921371D38050C003ABD1D /* Section14 */,
			);
		};
/* End PBXProject section */

/* Begin PBXResourcesBuildPhase section */
		251921361D38050C003ABD1D /* Resources */ = {
			isa = PBXResourcesBuildPhase;
			buildActionMask = 2147483647;
			files = (
				251921461D38050C003ABD1D /* LaunchScreen.storyboard in Resources */,
				251921431D38050C003ABD1D /* Assets.xcassets in Resources */,
				251921411D38050C003ABD1D /* Main.storyboard in Resources */,
			);
			runOnlyForDeploymentPostprocessing = 0;
		};
/* End PBXResourcesBuildPhase section */

/* Begin PBXSourcesBuildPhase section */
		251921341D38050C003ABD1D /* Sources */ = {
			isa = PBXSourcesBuildPhase;
			buildActionMask = 2147483647;
			files = (
				2519213E1D38050C003ABD1D /* ViewController.swift in Sources */,
				2519213C1D38050C003ABD1D /* AppDelegate.swift in Sources */,
			);
			runOnlyForDeploymentPostprocessing = 0;
		};
/* End PBXSourcesBuildPhase section */

/* Begin PBXVariantGroup section */
		2519213F1D38050C003ABD1D /* Main.storyboard */ = {
			isa = PBXVariantGroup;
			children = (
				251921401D38050C003ABD1D /* Base */,
			);
			name = Main.storyboard;
			sourceTree = "<group>";
		};
		251921441D38050C003ABD1D /* LaunchScreen.storyboard */ = {
			isa = PBXVariantGroup;
			children = (
				251921451D38050C003ABD1D /* Base */,
			);
			name = LaunchScreen.storyboard;
			sourceTree = "<group>";
		};
/* End PBXVariantGroup section */

/* Begin XCBuildConfiguration section */
		251921481D38050C003ABD1D /* Debug */ = {
			isa = XCBuildConfiguration;
			buildSettings = {
				ALWAYS_SEARCH_USER_PATHS = NO;
				CLANG_ANALYZER_NONNULL = YES;
				CLANG_CXX_LANGUAGE_STANDARD = "gnu++0x";
				CLANG_CXX_LIBRARY = "libc++";
				CLANG_ENABLE_MODULES = YES;
				CLANG_ENABLE_OBJC_ARC = YES;
				CLANG_WARN_BOOL_CONVERSION = YES;
				CLANG_WARN_CONSTANT_CONVERSION = YES;
				CLANG_WARN_DIRECT_OBJC_ISA_USAGE = YES_ERROR;
				CLANG_WARN_EMPTY_BODY = YES;
				CLANG_WARN_ENUM_CONVERSION = YES;
				CLANG_WARN_INT_CONVERSION = YES;
				CLANG_WARN_OBJC_ROOT_CLASS = YES_ERROR;
				CLANG_WARN_UNREACHABLE_CODE = YES;
				CLANG_WARN__DUPLICATE_METHOD_MATCH = YES;
				"CODE_SIGN_IDENTITY[sdk=iphoneos*]" = "iPhone Developer";
				COPY_PHASE_STRIP = NO;
				DEBUG_INFORMATION_FORMAT = dwarf;
				ENABLE_STRICT_OBJC_MSGSEND = YES;
				ENABLE_TESTABILITY = YES;
				GCC_C_LANGUAGE_STANDARD = gnu99;
				GCC_DYNAMIC_NO_PIC = NO;
				GCC_NO_COMMON_BLOCKS = YES;
				GCC_OPTIMIZATION_LEVEL = 0;
				GCC_PREPROCESSOR_DEFINITIONS = (
					"DEBUG=1",
					"$(inherited)",
				);
				GCC_WARN_64_TO_32_BIT_CONVERSION = YES;
				GCC_WARN_ABOUT_RETURN_TYPE = YES_ERROR;
				GCC_WARN_UNDECLARED_SELECTOR = YES;
				GCC_WARN_UNINITIALIZED_AUTOS = YES_AGGRESSIVE;
				GCC_WARN_UNUSED_FUNCTION = YES;
				GCC_WARN_UNUSED_VARIABLE = YES;
				IPHONEOS_DEPLOYMENT_TARGET = 9.3;
				MTL_ENABLE_DEBUG_INFO = YES;
				ONLY_ACTIVE_ARCH = YES;
				SDKROOT = iphoneos;
				SWIFT_OPTIMIZATION_LEVEL = "-Onone";
				TARGETED_DEVICE_FAMILY = "1,2";
			};
			name = Debug;
		};
		251921491D38050C003ABD1D /* Release */ = {
			isa = XCBuildConfiguration;
			buildSettings = {
				ALWAYS_SEARCH_USER_PATHS = NO;
				CLANG_ANALYZER_NONNULL = YES;
				CLANG_CXX_LANGUAGE_STANDARD = "gnu++0x";
				CLANG_CXX_LIBRARY = "libc++";
				CLANG_ENABLE_MODULES = YES;
				CLANG_ENABLE_OBJC_ARC = YES;
				CLANG_WARN_BOOL_CONVERSION = YES;
				CLANG_WARN_CONSTANT_CONVERSION = YES;
				CLANG_WARN_DIRECT_OBJC_ISA_USAGE = YES_ERROR;
				CLANG_WARN_EMPTY_BODY = YES;
				CLANG_WARN_ENUM_CONVERSION = YES;
				CLANG_WARN_INT_CONVERSION = YES;
				CLANG_WARN_OBJC_ROOT_CLASS = YES_ERROR;
				CLANG_WARN_UNREACHABLE_CODE = YES;
				CLANG_WARN__DUPLICATE_METHOD_MATCH = YES;
				"CODE_SIGN_IDENTITY[sdk=iphoneos*]" = "iPhone Developer";
				COPY_PHASE_STRIP = NO;
				DEBUG_INFORMATION_FORMAT = "dwarf-with-dsym";
				ENABLE_NS_ASSERTIONS = NO;
				ENABLE_STRICT_OBJC_MSGSEND = YES;
				GCC_C_LANGUAGE_STANDARD = gnu99;
				GCC_NO_COMMON_BLOCKS = YES;
				GCC_WARN_64_TO_32_BIT_CONVERSION = YES;
				GCC_WARN_ABOUT_RETURN_TYPE = YES_ERROR;
				GCC_WARN_UNDECLARED_SELECTOR = YES;
				GCC_WARN_UNINITIALIZED_AUTOS = YES_AGGRESSIVE;
				GCC_WARN_UNUSED_FUNCTION = YES;
				GCC_WARN_UNUSED_VARIABLE = YES;
				IPHONEOS_DEPLOYMENT_TARGET = 9.3;
				MTL_ENABLE_DEBUG_INFO = NO;
				SDKROOT = iphoneos;
				TARGETED_DEVICE_FAMILY = "1,2";
				VALIDATE_PRODUCT = YES;
			};
			name = Release;
		};
		2519214B1D38050C003ABD1D /* Debug */ = {
			isa = XCBuildConfiguration;
			buildSettings = {
				ASSETCATALOG_COMPILER_APPICON_NAME = AppIcon;
				INFOPLIST_FILE = Section14/Info.plist;
				LD_RUNPATH_SEARCH_PATHS = "$(inherited) @executable_path/Frameworks";
				PRODUCT_BUNDLE_IDENTIFIER = com.Kobi.Section14;
				PRODUCT_NAME = "$(TARGET_NAME)";
			};
			name = Debug;
		};
		2519214C1D38050C003ABD1D /* Release */ = {
			isa = XCBuildConfiguration;
			buildSettings = {
				ASSETCATALOG_COMPILER_APPICON_NAME = AppIcon;
				INFOPLIST_FILE = Section14/Info.plist;
				LD_RUNPATH_SEARCH_PATHS = "$(inherited) @executable_path/Frameworks";
				PRODUCT_BUNDLE_IDENTIFIER = com.Kobi.Section14;
				PRODUCT_NAME = "$(TARGET_NAME)";
			};
			name = Release;
		};
/* End XCBuildConfiguration section */

/* Begin XCConfigurationList section */
		251921331D38050C003ABD1D /* Build configuration list for PBXProject "Section14" */ = {
			isa = XCConfigurationList;
			buildConfigurations = (
				251921481D38050C003ABD1D /* Debug */,
				251921491D38050C003ABD1D /* Release */,
			);
			defaultConfigurationIsVisible = 0;
			defaultConfigurationName = Release;
		};
		2519214A1D38050C003ABD1D /* Build configuration list for PBXNativeTarget "Section14" */ = {
			isa = XCConfigurationList;
			buildConfigurations = (
				2519214B1D38050C003ABD1D /* Debug */,
				2519214C1D38050C003ABD1D /* Release */,
			);
			defaultConfigurationIsVisible = 0;
		};
/* End XCConfigurationList section */
	};
	rootObject = 251921301D38050C003ABD1D /* Project object */;
}
